// !$*UTF8*$!
{
	archiveVersion = 1;
	classes = {
	};
	objectVersion = 56;
	objects = {

/* Begin PBXBuildFile section */
		61A5222629B0004700642701 /* Weather_appApp.swift in Sources */ = {isa = PBXBuildFile; fileRef = 61A5222529B0004700642701 /* Weather_appApp.swift */; };
		61A5222829B0004700642701 /* ContentView.swift in Sources */ = {isa = PBXBuildFile; fileRef = 61A5222729B0004700642701 /* ContentView.swift */; };
		61A5222A29B0004800642701 /* Assets.xcassets in Resources */ = {isa = PBXBuildFile; fileRef = 61A5222929B0004800642701 /* Assets.xcassets */; };
		61A5222D29B0004800642701 /* Preview Assets.xcassets in Resources */ = {isa = PBXBuildFile; fileRef = 61A5222C29B0004800642701 /* Preview Assets.xcassets */; };
		61A5223729B0004800642701 /* Weather_appTests.swift in Sources */ = {isa = PBXBuildFile; fileRef = 61A5223629B0004800642701 /* Weather_appTests.swift */; };
		61A5224129B0004800642701 /* Weather_appUITests.swift in Sources */ = {isa = PBXBuildFile; fileRef = 61A5224029B0004800642701 /* Weather_appUITests.swift */; };
		61A5224329B0004800642701 /* Weather_appUITestsLaunchTests.swift in Sources */ = {isa = PBXBuildFile; fileRef = 61A5224229B0004800642701 /* Weather_appUITestsLaunchTests.swift */; };
		61A5225029B003D500642701 /* WeatherViewModel.swift in Sources */ = {isa = PBXBuildFile; fileRef = 61A5224F29B003D500642701 /* WeatherViewModel.swift */; };
		61BA788A29B394AE00C86930 /* WeatherService.swift in Sources */ = {isa = PBXBuildFile; fileRef = 61BA788929B394AE00C86930 /* WeatherService.swift */; };
		61C7FA2D29BBD1AB0052A086 /* Weather.swift in Sources */ = {isa = PBXBuildFile; fileRef = 61C7FA2C29BBD1AB0052A086 /* Weather.swift */; };
		61C7FA2F29BBD2660052A086 /* WeatherButton.swift in Sources */ = {isa = PBXBuildFile; fileRef = 61C7FA2E29BBD2660052A086 /* WeatherButton.swift */; };
/* End PBXBuildFile section */

/* Begin PBXContainerItemProxy section */
		61A5223329B0004800642701 /* PBXContainerItemProxy */ = {
			isa = PBXContainerItemProxy;
			containerPortal = 61A5221A29B0004700642701 /* Project object */;
			proxyType = 1;
			remoteGlobalIDString = 61A5222129B0004700642701;
			remoteInfo = "Weather app";
		};
		61A5223D29B0004800642701 /* PBXContainerItemProxy */ = {
			isa = PBXContainerItemProxy;
			containerPortal = 61A5221A29B0004700642701 /* Project object */;
			proxyType = 1;
			remoteGlobalIDString = 61A5222129B0004700642701;
			remoteInfo = "Weather app";
		};
/* End PBXContainerItemProxy section */

/* Begin PBXFileReference section */
		61A5222229B0004700642701 /* Weather app.app */ = {isa = PBXFileReference; explicitFileType = wrapper.application; includeInIndex = 0; path = "Weather app.app"; sourceTree = BUILT_PRODUCTS_DIR; };
		61A5222529B0004700642701 /* Weather_appApp.swift */ = {isa = PBXFileReference; lastKnownFileType = sourcecode.swift; path = Weather_appApp.swift; sourceTree = "<group>"; };
		61A5222729B0004700642701 /* ContentView.swift */ = {isa = PBXFileReference; lastKnownFileType = sourcecode.swift; path = ContentView.swift; sourceTree = "<group>"; };
		61A5222929B0004800642701 /* Assets.xcassets */ = {isa = PBXFileReference; lastKnownFileType = folder.assetcatalog; path = Assets.xcassets; sourceTree = "<group>"; };
		61A5222C29B0004800642701 /* Preview Assets.xcassets */ = {isa = PBXFileReference; lastKnownFileType = folder.assetcatalog; path = "Preview Assets.xcassets"; sourceTree = "<group>"; };
		61A5223229B0004800642701 /* Weather appTests.xctest */ = {isa = PBXFileReference; explicitFileType = wrapper.cfbundle; includeInIndex = 0; path = "Weather appTests.xctest"; sourceTree = BUILT_PRODUCTS_DIR; };
		61A5223629B0004800642701 /* Weather_appTests.swift */ = {isa = PBXFileReference; lastKnownFileType = sourcecode.swift; path = Weather_appTests.swift; sourceTree = "<group>"; };
		61A5223C29B0004800642701 /* Weather appUITests.xctest */ = {isa = PBXFileReference; explicitFileType = wrapper.cfbundle; includeInIndex = 0; path = "Weather appUITests.xctest"; sourceTree = BUILT_PRODUCTS_DIR; };
		61A5224029B0004800642701 /* Weather_appUITests.swift */ = {isa = PBXFileReference; lastKnownFileType = sourcecode.swift; path = Weather_appUITests.swift; sourceTree = "<group>"; };
		61A5224229B0004800642701 /* Weather_appUITestsLaunchTests.swift */ = {isa = PBXFileReference; lastKnownFileType = sourcecode.swift; path = Weather_appUITestsLaunchTests.swift; sourceTree = "<group>"; };
		61A5224F29B003D500642701 /* WeatherViewModel.swift */ = {isa = PBXFileReference; lastKnownFileType = sourcecode.swift; path = WeatherViewModel.swift; sourceTree = "<group>"; };
		61BA788929B394AE00C86930 /* WeatherService.swift */ = {isa = PBXFileReference; lastKnownFileType = sourcecode.swift; path = WeatherService.swift; sourceTree = "<group>"; };
		61C7FA2C29BBD1AB0052A086 /* Weather.swift */ = {isa = PBXFileReference; lastKnownFileType = sourcecode.swift; path = Weather.swift; sourceTree = "<group>"; };
		61C7FA2E29BBD2660052A086 /* WeatherButton.swift */ = {isa = PBXFileReference; lastKnownFileType = sourcecode.swift; path = WeatherButton.swift; sourceTree = "<group>"; };
/* End PBXFileReference section */

/* Begin PBXFrameworksBuildPhase section */
		61A5221F29B0004700642701 /* Frameworks */ = {
			isa = PBXFrameworksBuildPhase;
			buildActionMask = 2147483647;
			files = (
			);
			runOnlyForDeploymentPostprocessing = 0;
		};
		61A5222F29B0004800642701 /* Frameworks */ = {
			isa = PBXFrameworksBuildPhase;
			buildActionMask = 2147483647;
			files = (
			);
			runOnlyForDeploymentPostprocessing = 0;
		};
		61A5223929B0004800642701 /* Frameworks */ = {
			isa = PBXFrameworksBuildPhase;
			buildActionMask = 2147483647;
			files = (
			);
			runOnlyForDeploymentPostprocessing = 0;
		};
/* End PBXFrameworksBuildPhase section */

/* Begin PBXGroup section */
		61A5221929B0004700642701 = {
			isa = PBXGroup;
			children = (
				61A5222429B0004700642701 /* Weather app */,
				61A5223529B0004800642701 /* Weather appTests */,
				61A5223F29B0004800642701 /* Weather appUITests */,
				61A5222329B0004700642701 /* Products */,
			);
			sourceTree = "<group>";
		};
		61A5222329B0004700642701 /* Products */ = {
			isa = PBXGroup;
			children = (
				61A5222229B0004700642701 /* Weather app.app */,
				61A5223229B0004800642701 /* Weather appTests.xctest */,
				61A5223C29B0004800642701 /* Weather appUITests.xctest */,
			);
			name = Products;
			sourceTree = "<group>";
		};
		61A5222429B0004700642701 /* Weather app */ = {
			isa = PBXGroup;
			children = (
				61A5222529B0004700642701 /* Weather_appApp.swift */,
				61A5222729B0004700642701 /* ContentView.swift */,
				61C7FA2E29BBD2660052A086 /* WeatherButton.swift */,
				61BA788929B394AE00C86930 /* WeatherService.swift */,
				61A5224F29B003D500642701 /* WeatherViewModel.swift */,
				61C7FA2C29BBD1AB0052A086 /* Weather.swift */,
				61A5222929B0004800642701 /* Assets.xcassets */,
				61A5222B29B0004800642701 /* Preview Content */,
			);
			path = "Weather app";
			sourceTree = "<group>";
		};
		61A5222B29B0004800642701 /* Preview Content */ = {
			isa = PBXGroup;
			children = (
				61A5222C29B0004800642701 /* Preview Assets.xcassets */,
			);
			path = "Preview Content";
			sourceTree = "<group>";
		};
		61A5223529B0004800642701 /* Weather appTests */ = {
			isa = PBXGroup;
			children = (
				61A5223629B0004800642701 /* Weather_appTests.swift */,
			);
			path = "Weather appTests";
			sourceTree = "<group>";
		};
		61A5223F29B0004800642701 /* Weather appUITests */ = {
			isa = PBXGroup;
			children = (
				61A5224029B0004800642701 /* Weather_appUITests.swift */,
				61A5224229B0004800642701 /* Weather_appUITestsLaunchTests.swift */,
			);
			path = "Weather appUITests";
			sourceTree = "<group>";
		};
/* End PBXGroup section */

/* Begin PBXNativeTarget section */
		61A5222129B0004700642701 /* Weather app */ = {
			isa = PBXNativeTarget;
			buildConfigurationList = 61A5224629B0004800642701 /* Build configuration list for PBXNativeTarget "Weather app" */;
			buildPhases = (
				61A5221E29B0004700642701 /* Sources */,
				61A5221F29B0004700642701 /* Frameworks */,
				61A5222029B0004700642701 /* Resources */,
			);
			buildRules = (
			);
			dependencies = (
			);
			name = "Weather app";
			productName = "Weather app";
			productReference = 61A5222229B0004700642701 /* Weather app.app */;
			productType = "com.apple.product-type.application";
		};
		61A5223129B0004800642701 /* Weather appTests */ = {
			isa = PBXNativeTarget;
			buildConfigurationList = 61A5224929B0004800642701 /* Build configuration list for PBXNativeTarget "Weather appTests" */;
			buildPhases = (
				61A5222E29B0004800642701 /* Sources */,
				61A5222F29B0004800642701 /* Frameworks */,
				61A5223029B0004800642701 /* Resources */,
			);
			buildRules = (
			);
			dependencies = (
				61A5223429B0004800642701 /* PBXTargetDependency */,
			);
			name = "Weather appTests";
			productName = "Weather appTests";
			productReference = 61A5223229B0004800642701 /* Weather appTests.xctest */;
			productType = "com.apple.product-type.bundle.unit-test";
		};
		61A5223B29B0004800642701 /* Weather appUITests */ = {
			isa = PBXNativeTarget;
			buildConfigurationList = 61A5224C29B0004800642701 /* Build configuration list for PBXNativeTarget "Weather appUITests" */;
			buildPhases = (
				61A5223829B0004800642701 /* Sources */,
				61A5223929B0004800642701 /* Frameworks */,
				61A5223A29B0004800642701 /* Resources */,
			);
			buildRules = (
			);
			dependencies = (
				61A5223E29B0004800642701 /* PBXTargetDependency */,
			);
			name = "Weather appUITests";
			productName = "Weather appUITests";
			productReference = 61A5223C29B0004800642701 /* Weather appUITests.xctest */;
			productType = "com.apple.product-type.bundle.ui-testing";
		};
/* End PBXNativeTarget section */

/* Begin PBXProject section */
		61A5221A29B0004700642701 /* Project object */ = {
			isa = PBXProject;
			attributes = {
				BuildIndependentTargetsInParallel = 1;
				LastSwiftUpdateCheck = 1420;
				LastUpgradeCheck = 1420;
				TargetAttributes = {
					61A5222129B0004700642701 = {
						CreatedOnToolsVersion = 14.2;
					};
					61A5223129B0004800642701 = {
						CreatedOnToolsVersion = 14.2;
						TestTargetID = 61A5222129B0004700642701;
					};
					61A5223B29B0004800642701 = {
						CreatedOnToolsVersion = 14.2;
						TestTargetID = 61A5222129B0004700642701;
					};
				};
			};
			buildConfigurationList = 61A5221D29B0004700642701 /* Build configuration list for PBXProject "Weather app" */;
			compatibilityVersion = "Xcode 14.0";
			developmentRegion = en;
			hasScannedForEncodings = 0;
			knownRegions = (
				en,
				Base,
			);
			mainGroup = 61A5221929B0004700642701;
			productRefGroup = 61A5222329B0004700642701 /* Products */;
			projectDirPath = "";
			projectRoot = "";
			targets = (
				61A5222129B0004700642701 /* Weather app */,
				61A5223129B0004800642701 /* Weather appTests */,
				61A5223B29B0004800642701 /* Weather appUITests */,
			);
		};
/* End PBXProject section */

/* Begin PBXResourcesBuildPhase section */
		61A5222029B0004700642701 /* Resources */ = {
			isa = PBXResourcesBuildPhase;
			buildActionMask = 2147483647;
			files = (
				61A5222D29B0004800642701 /* Preview Assets.xcassets in Resources */,
				61A5222A29B0004800642701 /* Assets.xcassets in Resources */,
			);
			runOnlyForDeploymentPostprocessing = 0;
		};
		61A5223029B0004800642701 /* Resources */ = {
			isa = PBXResourcesBuildPhase;
			buildActionMask = 2147483647;
			files = (
			);
			runOnlyForDeploymentPostprocessing = 0;
		};
		61A5223A29B0004800642701 /* Resources */ = {
			isa = PBXResourcesBuildPhase;
			buildActionMask = 2147483647;
			files = (
			);
			runOnlyForDeploymentPostprocessing = 0;
		};
/* End PBXResourcesBuildPhase section */

/* Begin PBXSourcesBuildPhase section */
		61A5221E29B0004700642701 /* Sources */ = {
			isa = PBXSourcesBuildPhase;
			buildActionMask = 2147483647;
			files = (
				61A5225029B003D500642701 /* WeatherViewModel.swift in Sources */,
				61A5222829B0004700642701 /* ContentView.swift in Sources */,
				61C7FA2F29BBD2660052A086 /* WeatherButton.swift in Sources */,
				61A5222629B0004700642701 /* Weather_appApp.swift in Sources */,
				61BA788A29B394AE00C86930 /* WeatherService.swift in Sources */,
				61C7FA2D29BBD1AB0052A086 /* Weather.swift in Sources */,
			);
			runOnlyForDeploymentPostprocessing = 0;
		};
		61A5222E29B0004800642701 /* Sources */ = {
			isa = PBXSourcesBuildPhase;
			buildActionMask = 2147483647;
			files = (
				61A5223729B0004800642701 /* Weather_appTests.swift in Sources */,
			);
			runOnlyForDeploymentPostprocessing = 0;
		};
		61A5223829B0004800642701 /* Sources */ = {
			isa = PBXSourcesBuildPhase;
			buildActionMask = 2147483647;
			files = (
				61A5224129B0004800642701 /* Weather_appUITests.swift in Sources */,
				61A5224329B0004800642701 /* Weather_appUITestsLaunchTests.swift in Sources */,
			);
			runOnlyForDeploymentPostprocessing = 0;
		};
/* End PBXSourcesBuildPhase section */

/* Begin PBXTargetDependency section */
		61A5223429B0004800642701 /* PBXTargetDependency */ = {
			isa = PBXTargetDependency;
			target = 61A5222129B0004700642701 /* Weather app */;
			targetProxy = 61A5223329B0004800642701 /* PBXContainerItemProxy */;
		};
		61A5223E29B0004800642701 /* PBXTargetDependency */ = {
			isa = PBXTargetDependency;
			target = 61A5222129B0004700642701 /* Weather app */;
			targetProxy = 61A5223D29B0004800642701 /* PBXContainerItemProxy */;
		};
/* End PBXTargetDependency section */

/* Begin XCBuildConfiguration section */
		61A5224429B0004800642701 /* Debug */ = {
			isa = XCBuildConfiguration;
			buildSettings = {
				ALWAYS_SEARCH_USER_PATHS = NO;
				CLANG_ANALYZER_NONNULL = YES;
				CLANG_ANALYZER_NUMBER_OBJECT_CONVERSION = YES_AGGRESSIVE;
				CLANG_CXX_LANGUAGE_STANDARD = "gnu++20";
				CLANG_ENABLE_MODULES = YES;
				CLANG_ENABLE_OBJC_ARC = YES;
				CLANG_ENABLE_OBJC_WEAK = YES;
				CLANG_WARN_BLOCK_CAPTURE_AUTORELEASING = YES;
				CLANG_WARN_BOOL_CONVERSION = YES;
				CLANG_WARN_COMMA = YES;
				CLANG_WARN_CONSTANT_CONVERSION = YES;
				CLANG_WARN_DEPRECATED_OBJC_IMPLEMENTATIONS = YES;
				CLANG_WARN_DIRECT_OBJC_ISA_USAGE = YES_ERROR;
				CLANG_WARN_DOCUMENTATION_COMMENTS = YES;
				CLANG_WARN_EMPTY_BODY = YES;
				CLANG_WARN_ENUM_CONVERSION = YES;
				CLANG_WARN_INFINITE_RECURSION = YES;
				CLANG_WARN_INT_CONVERSION = YES;
				CLANG_WARN_NON_LITERAL_NULL_CONVERSION = YES;
				CLANG_WARN_OBJC_IMPLICIT_RETAIN_SELF = YES;
				CLANG_WARN_OBJC_LITERAL_CONVERSION = YES;
				CLANG_WARN_OBJC_ROOT_CLASS = YES_ERROR;
				CLANG_WARN_QUOTED_INCLUDE_IN_FRAMEWORK_HEADER = YES;
				CLANG_WARN_RANGE_LOOP_ANALYSIS = YES;
				CLANG_WARN_STRICT_PROTOTYPES = YES;
				CLANG_WARN_SUSPICIOUS_MOVE = YES;
				CLANG_WARN_UNGUARDED_AVAILABILITY = YES_AGGRESSIVE;
				CLANG_WARN_UNREACHABLE_CODE = YES;
				CLANG_WARN__DUPLICATE_METHOD_MATCH = YES;
				COPY_PHASE_STRIP = NO;
				DEBUG_INFORMATION_FORMAT = dwarf;
				ENABLE_STRICT_OBJC_MSGSEND = YES;
				ENABLE_TESTABILITY = YES;
				GCC_C_LANGUAGE_STANDARD = gnu11;
				GCC_DYNAMIC_NO_PIC = NO;
				GCC_NO_COMMON_BLOCKS = YES;
				GCC_OPTIMIZATION_LEVEL = 0;
				GCC_PREPROCESSOR_DEFINITIONS = (
					"DEBUG=1",
					"$(inherited)",
				);
				GCC_WARN_64_TO_32_BIT_CONVERSION = YES;
				GCC_WARN_ABOUT_RETURN_TYPE = YES_ERROR;
				GCC_WARN_UNDECLARED_SELECTOR = YES;
				GCC_WARN_UNINITIALIZED_AUTOS = YES_AGGRESSIVE;
				GCC_WARN_UNUSED_FUNCTION = YES;
				GCC_WARN_UNUSED_VARIABLE = YES;
				IPHONEOS_DEPLOYMENT_TARGET = 16.2;
				MTL_ENABLE_DEBUG_INFO = INCLUDE_SOURCE;
				MTL_FAST_MATH = YES;
				ONLY_ACTIVE_ARCH = YES;
				SDKROOT = iphoneos;
				SWIFT_ACTIVE_COMPILATION_CONDITIONS = DEBUG;
				SWIFT_OPTIMIZATION_LEVEL = "-Onone";
			};
			name = Debug;
		};
		61A5224529B0004800642701 /* Release */ = {
			isa = XCBuildConfiguration;
			buildSettings = {
				ALWAYS_SEARCH_USER_PATHS = NO;
				CLANG_ANALYZER_NONNULL = YES;
				CLANG_ANALYZER_NUMBER_OBJECT_CONVERSION = YES_AGGRESSIVE;
				CLANG_CXX_LANGUAGE_STANDARD = "gnu++20";
				CLANG_ENABLE_MODULES = YES;
				CLANG_ENABLE_OBJC_ARC = YES;
				CLANG_ENABLE_OBJC_WEAK = YES;
				CLANG_WARN_BLOCK_CAPTURE_AUTORELEASING = YES;
				CLANG_WARN_BOOL_CONVERSION = YES;
				CLANG_WARN_COMMA = YES;
				CLANG_WARN_CONSTANT_CONVERSION = YES;
				CLANG_WARN_DEPRECATED_OBJC_IMPLEMENTATIONS = YES;
				CLANG_WARN_DIRECT_OBJC_ISA_USAGE = YES_ERROR;
				CLANG_WARN_DOCUMENTATION_COMMENTS = YES;
				CLANG_WARN_EMPTY_BODY = YES;
				CLANG_WARN_ENUM_CONVERSION = YES;
				CLANG_WARN_INFINITE_RECURSION = YES;
				CLANG_WARN_INT_CONVERSION = YES;
				CLANG_WARN_NON_LITERAL_NULL_CONVERSION = YES;
				CLANG_WARN_OBJC_IMPLICIT_RETAIN_SELF = YES;
				CLANG_WARN_OBJC_LITERAL_CONVERSION = YES;
				CLANG_WARN_OBJC_ROOT_CLASS = YES_ERROR;
				CLANG_WARN_QUOTED_INCLUDE_IN_FRAMEWORK_HEADER = YES;
				CLANG_WARN_RANGE_LOOP_ANALYSIS = YES;
				CLANG_WARN_STRICT_PROTOTYPES = YES;
				CLANG_WARN_SUSPICIOUS_MOVE = YES;
				CLANG_WARN_UNGUARDED_AVAILABILITY = YES_AGGRESSIVE;
				CLANG_WARN_UNREACHABLE_CODE = YES;
				CLANG_WARN__DUPLICATE_METHOD_MATCH = YES;
				COPY_PHASE_STRIP = NO;
				DEBUG_INFORMATION_FORMAT = "dwarf-with-dsym";
				ENABLE_NS_ASSERTIONS = NO;
				ENABLE_STRICT_OBJC_MSGSEND = YES;
				GCC_C_LANGUAGE_STANDARD = gnu11;
				GCC_NO_COMMON_BLOCKS = YES;
				GCC_WARN_64_TO_32_BIT_CONVERSION = YES;
				GCC_WARN_ABOUT_RETURN_TYPE = YES_ERROR;
				GCC_WARN_UNDECLARED_SELECTOR = YES;
				GCC_WARN_UNINITIALIZED_AUTOS = YES_AGGRESSIVE;
				GCC_WARN_UNUSED_FUNCTION = YES;
				GCC_WARN_UNUSED_VARIABLE = YES;
				IPHONEOS_DEPLOYMENT_TARGET = 16.2;
				MTL_ENABLE_DEBUG_INFO = NO;
				MTL_FAST_MATH = YES;
				SDKROOT = iphoneos;
				SWIFT_COMPILATION_MODE = wholemodule;
				SWIFT_OPTIMIZATION_LEVEL = "-O";
				VALIDATE_PRODUCT = YES;
			};
			name = Release;
		};
		61A5224729B0004800642701 /* Debug */ = {
			isa = XCBuildConfiguration;
			buildSettings = {
				ASSETCATALOG_COMPILER_APPICON_NAME = AppIcon;
				ASSETCATALOG_COMPILER_GLOBAL_ACCENT_COLOR_NAME = AccentColor;
				CODE_SIGN_STYLE = Automatic;
				CURRENT_PROJECT_VERSION = 1;
				DEVELOPMENT_ASSET_PATHS = "\"Weather app/Preview Content\"";
				DEVELOPMENT_TEAM = UH2N2ZX28Z;
				ENABLE_PREVIEWS = YES;
				GENERATE_INFOPLIST_FILE = YES;
				INFOPLIST_KEY_UIApplicationSceneManifest_Generation = YES;
				INFOPLIST_KEY_UIApplicationSupportsIndirectInputEvents = YES;
				INFOPLIST_KEY_UILaunchScreen_Generation = YES;
				INFOPLIST_KEY_UISupportedInterfaceOrientations_iPad = "UIInterfaceOrientationPortrait UIInterfaceOrientationPortraitUpsideDown UIInterfaceOrientationLandscapeLeft UIInterfaceOrientationLandscapeRight";
				INFOPLIST_KEY_UISupportedInterfaceOrientations_iPhone = "UIInterfaceOrientationPortrait UIInterfaceOrientationLandscapeLeft UIInterfaceOrientationLandscapeRight";
				LD_RUNPATH_SEARCH_PATHS = (
					"$(inherited)",
					"@executable_path/Frameworks",
				);
				MARKETING_VERSION = 1.0;
				PRODUCT_BUNDLE_IDENTIFIER = "mendy.Weather-app";
				PRODUCT_NAME = "$(TARGET_NAME)";
				SWIFT_EMIT_LOC_STRINGS = YES;
				SWIFT_VERSION = 5.0;
				TARGETED_DEVICE_FAMILY = "1,2";
			};
			name = Debug;
		};
		61A5224829B0004800642701 /* Release */ = {
			isa = XCBuildConfiguration;
			buildSettings = {
				ASSETCATALOG_COMPILER_APPICON_NAME = AppIcon;
				ASSETCATALOG_COMPILER_GLOBAL_ACCENT_COLOR_NAME = AccentColor;
				CODE_SIGN_STYLE = Automatic;
				CURRENT_PROJECT_VERSION = 1;
				DEVELOPMENT_ASSET_PATHS = "\"Weather app/Preview Content\"";
				DEVELOPMENT_TEAM = UH2N2ZX28Z;
				ENABLE_PREVIEWS = YES;
				GENERATE_INFOPLIST_FILE = YES;
				INFOPLIST_KEY_UIApplicationSceneManifest_Generation = YES;
				INFOPLIST_KEY_UIApplicationSupportsIndirectInputEvents = YES;
				INFOPLIST_KEY_UILaunchScreen_Generation = YES;
				INFOPLIST_KEY_UISupportedInterfaceOrientations_iPad = "UIInterfaceOrientationPortrait UIInterfaceOrientationPortraitUpsideDown UIInterfaceOrientationLandscapeLeft UIInterfaceOrientationLandscapeRight";
				INFOPLIST_KEY_UISupportedInterfaceOrientations_iPhone = "UIInterfaceOrientationPortrait UIInterfaceOrientationLandscapeLeft UIInterfaceOrientationLandscapeRight";
				LD_RUNPATH_SEARCH_PATHS = (
					"$(inherited)",
					"@executable_path/Frameworks",
				);
				MARKETING_VERSION = 1.0;
				PRODUCT_BUNDLE_IDENTIFIER = "mendy.Weather-app";
				PRODUCT_NAME = "$(TARGET_NAME)";
				SWIFT_EMIT_LOC_STRINGS = YES;
				SWIFT_VERSION = 5.0;
				TARGETED_DEVICE_FAMILY = "1,2";
			};
			name = Release;
		};
		61A5224A29B0004800642701 /* Debug */ = {
			isa = XCBuildConfiguration;
			buildSettings = {
				ALWAYS_EMBED_SWIFT_STANDARD_LIBRARIES = YES;
				BUNDLE_LOADER = "$(TEST_HOST)";
				CODE_SIGN_STYLE = Automatic;
				CURRENT_PROJECT_VERSION = 1;
				DEVELOPMENT_TEAM = UH2N2ZX28Z;
				GENERATE_INFOPLIST_FILE = YES;
				IPHONEOS_DEPLOYMENT_TARGET = 16.2;
				MARKETING_VERSION = 1.0;
				PRODUCT_BUNDLE_IDENTIFIER = "mendy.Weather-appTests";
				PRODUCT_NAME = "$(TARGET_NAME)";
				SWIFT_EMIT_LOC_STRINGS = NO;
				SWIFT_VERSION = 5.0;
				TARGETED_DEVICE_FAMILY = "1,2";
				TEST_HOST = "$(BUILT_PRODUCTS_DIR)/Weather app.app/$(BUNDLE_EXECUTABLE_FOLDER_PATH)/Weather app";
			};
			name = Debug;
		};
		61A5224B29B0004800642701 /* Release */ = {
			isa = XCBuildConfiguration;
			buildSettings = {
				ALWAYS_EMBED_SWIFT_STANDARD_LIBRARIES = YES;
				BUNDLE_LOADER = "$(TEST_HOST)";
				CODE_SIGN_STYLE = Automatic;
				CURRENT_PROJECT_VERSION = 1;
				DEVELOPMENT_TEAM = UH2N2ZX28Z;
				GENERATE_INFOPLIST_FILE = YES;
				IPHONEOS_DEPLOYMENT_TARGET = 16.2;
				MARKETING_VERSION = 1.0;
				PRODUCT_BUNDLE_IDENTIFIER = "mendy.Weather-appTests";
				PRODUCT_NAME = "$(TARGET_NAME)";
				SWIFT_EMIT_LOC_STRINGS = NO;
				SWIFT_VERSION = 5.0;
				TARGETED_DEVICE_FAMILY = "1,2";
				TEST_HOST = "$(BUILT_PRODUCTS_DIR)/Weather app.app/$(BUNDLE_EXECUTABLE_FOLDER_PATH)/Weather app";
			};
			name = Release;
		};
		61A5224D29B0004800642701 /* Debug */ = {
			isa = XCBuildConfiguration;
			buildSettings = {
				ALWAYS_EMBED_SWIFT_STANDARD_LIBRARIES = YES;
				CODE_SIGN_STYLE = Automatic;
				CURRENT_PROJECT_VERSION = 1;
				DEVELOPMENT_TEAM = UH2N2ZX28Z;
				GENERATE_INFOPLIST_FILE = YES;
				MARKETING_VERSION = 1.0;
				PRODUCT_BUNDLE_IDENTIFIER = "mendy.Weather-appUITests";
				PRODUCT_NAME = "$(TARGET_NAME)";
				SWIFT_EMIT_LOC_STRINGS = NO;
				SWIFT_VERSION = 5.0;
				TARGETED_DEVICE_FAMILY = "1,2";
				TEST_TARGET_NAME = "Weather app";
			};
			name = Debug;
		};
		61A5224E29B0004800642701 /* Release */ = {
			isa = XCBuildConfiguration;
			buildSettings = {
				ALWAYS_EMBED_SWIFT_STANDARD_LIBRARIES = YES;
				CODE_SIGN_STYLE = Automatic;
				CURRENT_PROJECT_VERSION = 1;
				DEVELOPMENT_TEAM = UH2N2ZX28Z;
				GENERATE_INFOPLIST_FILE = YES;
				MARKETING_VERSION = 1.0;
				PRODUCT_BUNDLE_IDENTIFIER = "mendy.Weather-appUITests";
				PRODUCT_NAME = "$(TARGET_NAME)";
				SWIFT_EMIT_LOC_STRINGS = NO;
				SWIFT_VERSION = 5.0;
				TARGETED_DEVICE_FAMILY = "1,2";
				TEST_TARGET_NAME = "Weather app";
			};
			name = Release;
		};
/* End XCBuildConfiguration section */

/* Begin XCConfigurationList section */
		61A5221D29B0004700642701 /* Build configuration list for PBXProject "Weather app" */ = {
			isa = XCConfigurationList;
			buildConfigurations = (
				61A5224429B0004800642701 /* Debug */,
				61A5224529B0004800642701 /* Release */,
			);
			defaultConfigurationIsVisible = 0;
			defaultConfigurationName = Release;
		};
		61A5224629B0004800642701 /* Build configuration list for PBXNativeTarget "Weather app" */ = {
			isa = XCConfigurationList;
			buildConfigurations = (
				61A5224729B0004800642701 /* Debug */,
				61A5224829B0004800642701 /* Release */,
			);
			defaultConfigurationIsVisible = 0;
			defaultConfigurationName = Release;
		};
		61A5224929B0004800642701 /* Build configuration list for PBXNativeTarget "Weather appTests" */ = {
			isa = XCConfigurationList;
			buildConfigurations = (
				61A5224A29B0004800642701 /* Debug */,
				61A5224B29B0004800642701 /* Release */,
			);
			defaultConfigurationIsVisible = 0;
			defaultConfigurationName = Release;
		};
		61A5224C29B0004800642701 /* Build configuration list for PBXNativeTarget "Weather appUITests" */ = {
			isa = XCConfigurationList;
			buildConfigurations = (
				61A5224D29B0004800642701 /* Debug */,
				61A5224E29B0004800642701 /* Release */,
			);
			defaultConfigurationIsVisible = 0;
			defaultConfigurationName = Release;
		};
/* End XCConfigurationList section */
	};
	rootObject = 61A5221A29B0004700642701 /* Project object */;
}
